<?xml version="1.0" encoding="utf-8"?>
<Project ToolsVersion="4.0" xmlns="http://schemas.microsoft.com/developer/msbuild/2003">
  <ItemGroup>
    <Filter Include="소스 파일">
      <UniqueIdentifier>{4FC737F1-C7A5-4376-A066-2A32D752A2FF}</UniqueIdentifier>
      <Extensions>cpp;c;cc;cxx;c++;cppm;ixx;def;odl;idl;hpj;bat;asm;asmx</Extensions>
    </Filter>
    <Filter Include="헤더 파일">
      <UniqueIdentifier>{93995380-89BD-4b04-88EB-625FBE52EBFB}</UniqueIdentifier>
      <Extensions>h;hh;hpp;hxx;h++;hm;inl;inc;ipp;xsd</Extensions>
    </Filter>
    <Filter Include="리소스 파일">
      <UniqueIdentifier>{67DA6AB6-F800-4c08-8B7A-83BB121AAD01}</UniqueIdentifier>
      <Extensions>rc;ico;cur;bmp;dlg;rc2;rct;bin;rgs;gif;jpg;jpeg;jpe;resx;tiff;tif;png;wav;mfcribbon-ms</Extensions>
    </Filter>
    <Filter Include="core">
      <UniqueIdentifier>{cab53478-731a-4f8c-807b-0502b0b01497}</UniqueIdentifier>
    </Filter>
    <Filter Include="input">
      <UniqueIdentifier>{74d4b2ab-bb5f-40d0-91a2-e7cc9b0144b1}</UniqueIdentifier>
    </Filter>
    <Filter Include="graphics">
      <UniqueIdentifier>{ec69d6a3-2560-4bf4-80c5-e21854b61559}</UniqueIdentifier>
    </Filter>
    <Filter Include="physics">
      <UniqueIdentifier>{c7d28af9-707a-40e4-a043-f2a721464cab}</UniqueIdentifier>
    </Filter>
    <Filter Include="ui">
      <UniqueIdentifier>{70a7a21d-9368-40a1-a944-e0149391e6bd}</UniqueIdentifier>
    </Filter>
    <Filter Include="utils">
      <UniqueIdentifier>{0c663a65-9f45-4b73-ad1d-f4999813edfc}</UniqueIdentifier>
    </Filter>
  </ItemGroup>
  <ItemGroup>
    <ClCompile Include="WinMain.cpp">
      <Filter>소스 파일</Filter>
    </ClCompile>
    <ClCompile Include="src\core\Application.cpp">
      <Filter>core</Filter>
    </ClCompile>
    <ClCompile Include="src\input\InputManager.cpp">
      <Filter>input</Filter>
    </ClCompile>
    <ClCompile Include="src\graphics\Camera.cpp">
      <Filter>graphics</Filter>
    </ClCompile>
    <ClCompile Include="src\graphics\Renderer.cpp">
      <Filter>graphics</Filter>
    </ClCompile>
    <ClCompile Include="src\graphics\Shader.cpp">
      <Filter>graphics</Filter>
    </ClCompile>
    <ClCompile Include="src\physics\OceanPhysics.cpp">
      <Filter>physics</Filter>
    </ClCompile>
    <ClCompile Include="src\physics\BoatPhysics.cpp">
      <Filter>physics</Filter>
    </ClCompile>
    <ClCompile Include="src\ui\UIManager.cpp">
      <Filter>ui</Filter>
    </ClCompile>
    <ClCompile Include="src\utils\Math.cpp">
      <Filter>utils</Filter>
    </ClCompile>
    <ClCompile Include="src\utils\Logger.cpp">
      <Filter>utils</Filter>
    </ClCompile>
    <ClCompile Include="aa.cpp">
      <Filter>소스 파일</Filter>
    </ClCompile>
  </ItemGroup>
  <ItemGroup>
    <ClInclude Include="src\core\Application.h">
      <Filter>core</Filter>
    </ClInclude>
    <ClInclude Include="src\input\InputManager.h">
      <Filter>input</Filter>
    </ClInclude>
    <ClInclude Include="src\graphics\Camera.h">
      <Filter>graphics</Filter>
    </ClInclude>
    <ClInclude Include="src\graphics\Shader.h">
      <Filter>graphics</Filter>
    </ClInclude>
    <ClInclude Include="src\graphics\Renderer.h">
      <Filter>graphics</Filter>
    </ClInclude>
    <ClInclude Include="src\physics\BoatPhysics.h">
      <Filter>physics</Filter>
    </ClInclude>
    <ClInclude Include="src\physics\OceanPhysics.h">
      <Filter>physics</Filter>
    </ClInclude>
    <ClInclude Include="src\ui\UIManager.h">
      <Filter>ui</Filter>
    </ClInclude>
    <ClInclude Include="src\utils\Math.h">
      <Filter>utils</Filter>
    </ClInclude>
    <ClInclude Include="src\utils\Logger.h">
      <Filter>utils</Filter>
    </ClInclude>
    <ClInclude Include="aa.h">
      <Filter>헤더 파일</Filter>
    </ClInclude>
  </ItemGroup>
  <ItemGroup>
    <ResourceCompile Include="SO_s.rc">
      <Filter>리소스 파일</Filter>
    </ResourceCompile>
  </ItemGroup>
</Project>